github.com/99designs/gqlgen v0.17.95 h1:882h7F5iJImgtyUVttc4MOK2NbzbMYc2oyNeHqkjpP4=
github.com/99designs/gqlgen v0.17.95/go.mod h1:kHYPrpwOXDU1OQyxIg3Z7nVXSnlUoHVWBY7CMJCAM4M=
github.com/BurntSushi/toml v1.6.0 h1:dRaEfpa2VI55EwlIW72hMRHdWouJeRF7TPYhI+AUQjk=
github.com/BurntSushi/toml v1.6.0/go.mod h1:ukJfTF/6rtPPRCnwkur4qwRxa8vTRFBF0uk2lLoLwho=
github.com/agnivade/levenshtein v1.2.1 h1:EHBY3UOn1gwdy/VbFwgo4cxecRznFk7fKWN1KOX7eoM=
github.com/agnivade/levenshtein v1.2.1/go.mod h1:QVVI16kDrtSuwcpd0p1+xMC6Z/VfhtCyDIjcwga4/DU=
github.com/ethereum/go-ethereum v1.17.5 h1:o9BIXs2Q/3cPHVxw49n+Zjn2i6rB9TOXatev46duOC4=
github.com/ethereum/go-ethereum v1.17.5/go.mod h1:vz2YvG7RewA4sFHTgzLyW+WmFG1N4jfk/hgXQVhhn9c=
github.com/google/go-cmp v0.7.0 h1:wk8382ETsv4JYUZwIsn6YpYiWiBsYLSJiTsyBybVuN8=
github.com/google/go-cmp v0.7.0/go.mod h1:pXiqmnSA92OHEEa9HXL2W4E7lf9JzCmGVUdgjX3N/iU=
github.com/google/uuid v1.6.0 h1:NIvaJDMOsjHA8n1jAhLSgzrAzy1Hgr+hNrb57e+94F0=
github.com/google/uuid v1.6.0/go.mod h1:TIyPZe4MgqvfeYDBFedMoGGpEw/LqOeaOT+nhxU+yHo=
github.com/holiman/uint256 v1.3.2 h1:a9EgMPSC1AAaj1SZL5zIQD3WbwTuHrMGOerLjGmM/TA=
github.com/holiman/uint256 v1.3.2/go.mod h1:EOMSn4q6Nyt9P6efbI3bueV4e1b3dGlUCXeiRV4ng7E=
github.com/m0t0k1ch1-go/bigutil/v3 v3.13.0 h1:Q6BLFsiuAyOr66Ij4QjRjDxojKOpO6NolJMcLO/IXwM=
github.com/m0t0k1ch1-go/bigutil/v3 v3.13.0/go.mod h1:T7e68XWPwYonXdkr2vq+AR8BGI6KjMj02+VJGeCiGEw=
github.com/m0t0k1ch1-go/timeutil/v5 v5.6.0 h1:GyjojD+7hXYUnlAYenkgyDnKCczd77sjpBYQWAsaRIc=
github.com/m0t0k1ch1-go/timeutil/v5 v5.6.0/go.mod h1:/bAFYrQIUzIQrwBLo7IVbPp7XXS//ON10Xths028MWg=
github.com/m0t0k1ch1-go/urlutil v1.7.0 h1:6KHga1Twja40V2iv9/9lteEww2HjBs7cFJCeKqskPMI=
github.com/m0t0k1ch1-go/urlutil v1.7.0/go.mod h1:QMSQm6kFWMvC9p7jITFp1vKOabIBMCgzPV0HiX9skVc=
github.com/sosodev/duration v1.4.0 h1:35ed0KiVFriGHHzZZJaZLgmTEEICIyt8Sx0RQfj9IjE=
github.com/sosodev/duration v1.4.0/go.mod h1:RQIBBX0+fMLc/D9+Jb/fwvVmo0eZvDDEERAikUR6SDg=
github.com/stretchr/testify v1.12.1 h1:EuwCh5fleGS7H32xRwO3wRGT7DxrDhLAT6FF8MpWDWE=
github.com/stretchr/testify v1.12.1/go.mod h1:MDEgiDPPsNp5cuIrHPPCyornHKgEVbtFUmoNlxoYthg=
github.com/vektah/gqlparser/v2 v2.5.37 h1:jbb1Ilv+xBklV6653tKb4oVUupPNTLb5LmrnBKVI12Y=
github.com/vektah/gqlparser/v2 v2.5.37/go.mod h1:9O4Ox6Ngd3Y12bMD3w6i3CRQXh8W1oC1q0m6olCymDM=
go.yaml.in/yaml/v3 v3.0.5 h1:N6y/pJk8buWs9NY5ERU2HSMfm+IuD/OtfdAnq6kESPw=
go.yaml.in/yaml/v3 v3.0.5/go.mod h1:HVTZu1O7/Vkt2N+BFy8Zza+lnLsABggaTM2ZpNIGuKg=
golang.org/x/exp/typeparams v0.0.0-20260908205506-85c1c2202aba h1:ZoZmFkcuQ289xJilBm9Ck3W+/okrhXc4LUpbtKFQE4k=
golang.org/x/exp/typeparams v0.0.0-20260908205506-85c1c2202aba/go.mod h1:qkMnvgP8C7+xkci04txL2SJFc/0PGqnkf6gs5JUC43E=
golang.org/x/mod v0.41.0 h1:qJmnOUb4YB+FsEuM3HcWucdZASCPGhsX6uljO6pog0c=
golang.org/x/mod v0.41.0/go.mod h1:Ek9pY8RKWXwsWvd3rQiHYtMqkjSUV+s1Rj7j4H5Ur6o=
golang.org/x/sync v0.23.0 h1:KameEIfc1IkluZyXWLn39Wd4tURc6GbCiISGiZm2bQk=
golang.org/x/sync v0.23.0/go.mod h1:sUUOizhqBxiL6pEWpqNLUiaJn1ShEbZ6BBqskPbjZm0=
golang.org/x/sys v0.48.0 h1:bbX/i/6MgT9BVLM9RT1thmxL04yeTAhbEz4SyadbXoo=
golang.org/x/sys v0.48.0/go.mod h1:hNLxWAXmnKAxqDtdwIYC4bM9oQPEecfsnNMuSxOs3og=
golang.org/x/tools v0.50.0 h1:c2ifzfcuY7L90lZ2aKd8S4K2NpASF08SZx9ZuJkHmSU=
golang.org/x/tools v0.50.0/go.mod h1:7ulVMw3831Mwi5EZD6RomGyffr4VFjuNYXf2BbCEAV0=
golang.org/x/tools/go/expect v0.1.1-deprecated h1:jpBZDwmgPhXsKZC6WhL20P4b/wmnpsEAGHaNy0n/rJM=
golang.org/x/tools/go/expect v0.1.1-deprecated/go.mod h1:eihoPOH+FgIqa3FpoTwguz/bVUSGBlGQU67vpBeOrBY=
honnef.co/go/tools v0.8.1 h1:+JKf3xJ1ni4CwrhVg4/pqsfPGP6vNAXcKbMXJodYx3w=
honnef.co/go/tools v0.8.1/go.mod h1:XA+OnlRA9EDh/ukGvXMNSZNKGwFQJ+5dER0ioUkOxks=
